// !$*UTF8*$!
{
	archiveVersion = 1;
	classes = {
	};
	objectVersion = 56;
	objects = {

/* Begin PBXBuildFile section */
		290111D22EE2D10C0015C4F8 /* GeistVF.ttf in Resources */ = {isa = PBXBuildFile; fileRef = 290111D12EE2D10C0015C4F8 /* GeistVF.ttf */; };
		29150BC82E7D126400491238 /* AppDelegate.swift in Sources */ = {isa = PBXBuildFile; fileRef = 29150BC72E7D126400491238 /* AppDelegate.swift */; };
		29150BCC2E7D126400491238 /* Main.html in Resources */ = {isa = PBXBuildFile; fileRef = 29150BCA2E7D126400491238 /* Main.html */; };
		29150BD02E7D126400491238 /* Style.css in Resources */ = {isa = PBXBuildFile; fileRef = 29150BCF2E7D126400491238 /* Style.css */; };
		29150BD22E7D126400491238 /* SceneDelegate.swift in Sources */ = {isa = PBXBuildFile; fileRef = 29150BD12E7D126400491238 /* SceneDelegate.swift */; };
		29150BD42E7D126400491238 /* ViewController.swift in Sources */ = {isa = PBXBuildFile; fileRef = 29150BD32E7D126400491238 /* ViewController.swift */; };
		29150BD72E7D126400491238 /* LaunchScreen.storyboard in Resources */ = {isa = PBXBuildFile; fileRef = 29150BD52E7D126400491238 /* LaunchScreen.storyboard */; };
		29150BDA2E7D126400491238 /* Main.storyboard in Resources */ = {isa = PBXBuildFile; fileRef = 29150BD82E7D126400491238 /* Main.storyboard */; };
		29150BE22E7D126500491238 /* Summarizerrrr Extension.appex in Embed Foundation Extensions */ = {isa = PBXBuildFile; fileRef = 29150BE12E7D126500491238 /* Summarizerrrr Extension.appex */; settings = {ATTRIBUTES = (RemoveHeadersOnCopy, ); }; };
		29150BE72E7D126500491238 /* SafariWebExtensionHandler.swift in Sources */ = {isa = PBXBuildFile; fileRef = 29150BE62E7D126500491238 /* SafariWebExtensionHandler.swift */; };
		29150BE92E7D126500491238 /* Assets.xcassets in Resources */ = {isa = PBXBuildFile; fileRef = 29150BDB2E7D126500491238 /* Assets.xcassets */; };
		29150C042E7D126600491238 /* popop.html in Resources */ = {isa = PBXBuildFile; fileRef = 29150BF42E7D126600491238 /* popop.html */; };
		29150C052E7D126600491238 /* background.js in Resources */ = {isa = PBXBuildFile; fileRef = 29150BF52E7D126600491238 /* background.js */; };
		29150C062E7D126600491238 /* wxt.svg in Resources */ = {isa = PBXBuildFile; fileRef = 29150BF62E7D126600491238 /* wxt.svg */; };
		29150C072E7D126600491238 /* youtube_transcript.js in Resources */ = {isa = PBXBuildFile; fileRef = 29150BF72E7D126600491238 /* youtube_transcript.js */; };
		29150C082E7D126600491238 /* libs in Resources */ = {isa = PBXBuildFile; fileRef = 29150BF82E7D126600491238 /* libs */; };
		29150C092E7D126600491238 /* chunks in Resources */ = {isa = PBXBuildFile; fileRef = 29150BF92E7D126600491238 /* chunks */; };
		29150C0A2E7D126600491238 /* content-scripts in Resources */ = {isa = PBXBuildFile; fileRef = 29150BFA2E7D126600491238 /* content-scripts */; };
		29150C0B2E7D126600491238 /* prompt.html in Resources */ = {isa = PBXBuildFile; fileRef = 29150BFB2E7D126600491238 /* prompt.html */; };
		29150C0C2E7D126600491238 /* manifest.json in Resources */ = {isa = PBXBuildFile; fileRef = 29150BFC2E7D126600491238 /* manifest.json */; };
		29150C0D2E7D126600491238 /* content-script.js in Resources */ = {isa = PBXBuildFile; fileRef = 29150BFD2E7D126600491238 /* content-script.js */; };
		29150C0E2E7D126600491238 /* sidepanel.html in Resources */ = {isa = PBXBuildFile; fileRef = 29150BFE2E7D126600491238 /* sidepanel.html */; };
		29150C0F2E7D126600491238 /* icon in Resources */ = {isa = PBXBuildFile; fileRef = 29150BFF2E7D126600491238 /* icon */; };
		29150C102E7D126600491238 /* settings.html in Resources */ = {isa = PBXBuildFile; fileRef = 29150C002E7D126600491238 /* settings.html */; };
		29150C112E7D126600491238 /* assets in Resources */ = {isa = PBXBuildFile; fileRef = 29150C012E7D126600491238 /* assets */; };
		29150C122E7D126600491238 /* Sumarizzerrrr.png in Resources */ = {isa = PBXBuildFile; fileRef = 29150C022E7D126600491238 /* Sumarizzerrrr.png */; };
		29150C132E7D126600491238 /* archive.html in Resources */ = {isa = PBXBuildFile; fileRef = 29150C032E7D126600491238 /* archive.html */; };
		295074AE2ED82EC60079D4D5 /* Icon.png in Resources */ = {isa = PBXBuildFile; fileRef = 29150BCD2E7D126400491238 /* Icon.png */; };
		2958EEAA2EDEBC1C00ED7BC8 /* _locales in Resources */ = {isa = PBXBuildFile; fileRef = 2958EEA92EDEBC1400ED7BC8 /* _locales */; };
		2958EEAC2EDECF0000ED7BC8 /* Ios-safari.mp4 in Resources */ = {isa = PBXBuildFile; fileRef = 2958EEAB2EDECF0000ED7BC8 /* Ios-safari.mp4 */; };
/* End PBXBuildFile section */

/* Begin PBXContainerItemProxy section */
		29150BE32E7D126500491238 /* PBXContainerItemProxy */ = {
			isa = PBXContainerItemProxy;
			containerPortal = 29150BBC2E7D126400491238 /* Project object */;
			proxyType = 1;
			remoteGlobalIDString = 29150BE02E7D126500491238;
			remoteInfo = "Summarizerrrr Extension";
		};
/* End PBXContainerItemProxy section */

/* Begin PBXCopyFilesBuildPhase section */
		29150BEF2E7D126500491238 /* Embed Foundation Extensions */ = {
			isa = PBXCopyFilesBuildPhase;
			buildActionMask = 2147483647;
			dstPath = "";
			dstSubfolderSpec = 13;
			files = (
				29150BE22E7D126500491238 /* Summarizerrrr Extension.appex in Embed Foundation Extensions */,
			);
			name = "Embed Foundation Extensions";
			runOnlyForDeploymentPostprocessing = 0;
		};
/* End PBXCopyFilesBuildPhase section */

/* Begin PBXFileReference section */
		290111D12EE2D10C0015C4F8 /* GeistVF.ttf */ = {isa = PBXFileReference; lastKnownFileType = file; path = GeistVF.ttf; sourceTree = "<group>"; };
		29150BC42E7D126400491238 /* Summarizerrrr.app */ = {isa = PBXFileReference; explicitFileType = wrapper.application; includeInIndex = 0; path = Summarizerrrr.app; sourceTree = BUILT_PRODUCTS_DIR; };
		29150BC72E7D126400491238 /* AppDelegate.swift */ = {isa = PBXFileReference; lastKnownFileType = sourcecode.swift; path = AppDelegate.swift; sourceTree = "<group>"; };
		29150BCB2E7D126400491238 /* Base */ = {isa = PBXFileReference; lastKnownFileType = text.html; name = Base; path = ../Base.lproj/Main.html; sourceTree = "<group>"; };
		29150BCD2E7D126400491238 /* Icon.png */ = {isa = PBXFileReference; lastKnownFileType = image.png; path = Icon.png; sourceTree = "<group>"; };
		29150BCF2E7D126400491238 /* Style.css */ = {isa = PBXFileReference; lastKnownFileType = text.css; path = Style.css; sourceTree = "<group>"; };
		29150BD12E7D126400491238 /* SceneDelegate.swift */ = {isa = PBXFileReference; lastKnownFileType = sourcecode.swift; path = SceneDelegate.swift; sourceTree = "<group>"; };
		29150BD32E7D126400491238 /* ViewController.swift */ = {isa = PBXFileReference; lastKnownFileType = sourcecode.swift; path = ViewController.swift; sourceTree = "<group>"; };
		29150BD62E7D126400491238 /* Base */ = {isa = PBXFileReference; lastKnownFileType = file.storyboard; name = Base; path = Base.lproj/LaunchScreen.storyboard; sourceTree = "<group>"; };
		29150BD92E7D126400491238 /* Base */ = {isa = PBXFileReference; lastKnownFileType = file.storyboard; name = Base; path = Base.lproj/Main.storyboard; sourceTree = "<group>"; };
		29150BDB2E7D126500491238 /* Assets.xcassets */ = {isa = PBXFileReference; lastKnownFileType = folder.assetcatalog; path = Assets.xcassets; sourceTree = "<group>"; };
		29150BDC2E7D126500491238 /* Info.plist */ = {isa = PBXFileReference; lastKnownFileType = text.plist.xml; path = Info.plist; sourceTree = "<group>"; };
		29150BE12E7D126500491238 /* Summarizerrrr Extension.appex */ = {isa = PBXFileReference; explicitFileType = "wrapper.app-extension"; includeInIndex = 0; path = "Summarizerrrr Extension.appex"; sourceTree = BUILT_PRODUCTS_DIR; };
		29150BE62E7D126500491238 /* SafariWebExtensionHandler.swift */ = {isa = PBXFileReference; lastKnownFileType = sourcecode.swift; path = SafariWebExtensionHandler.swift; sourceTree = "<group>"; };
		29150BE82E7D126500491238 /* Info.plist */ = {isa = PBXFileReference; lastKnownFileType = text.plist.xml; path = Info.plist; sourceTree = "<group>"; };
		29150BF42E7D126600491238 /* popop.html */ = {isa = PBXFileReference; lastKnownFileType = text.html; name = popop.html; path = "../../.output/safari-mv2/popop.html"; sourceTree = "<group>"; };
		29150BF52E7D126600491238 /* background.js */ = {isa = PBXFileReference; lastKnownFileType = sourcecode.javascript; name = background.js; path = "../../.output/safari-mv2/background.js"; sourceTree = "<group>"; };
		29150BF62E7D126600491238 /* wxt.svg */ = {isa = PBXFileReference; lastKnownFileType = text; name = wxt.svg; path = "../../.output/safari-mv2/wxt.svg"; sourceTree = "<group>"; };
		29150BF72E7D126600491238 /* youtube_transcript.js */ = {isa = PBXFileReference; lastKnownFileType = sourcecode.javascript; name = youtube_transcript.js; path = "../../.output/safari-mv2/youtube_transcript.js"; sourceTree = "<group>"; };
		29150BF82E7D126600491238 /* libs */ = {isa = PBXFileReference; lastKnownFileType = folder; name = libs; path = "../../.output/safari-mv2/libs"; sourceTree = "<group>"; };
		29150BF92E7D126600491238 /* chunks */ = {isa = PBXFileReference; lastKnownFileType = folder; name = chunks; path = "../../.output/safari-mv2/chunks"; sourceTree = "<group>"; };
		29150BFA2E7D126600491238 /* content-scripts */ = {isa = PBXFileReference; lastKnownFileType = folder; name = "content-scripts"; path = "../../.output/safari-mv2/content-scripts"; sourceTree = "<group>"; };
		29150BFB2E7D126600491238 /* prompt.html */ = {isa = PBXFileReference; lastKnownFileType = text.html; name = prompt.html; path = "../../.output/safari-mv2/prompt.html"; sourceTree = "<group>"; };
		29150BFC2E7D126600491238 /* manifest.json */ = {isa = PBXFileReference; lastKnownFileType = text.json; name = manifest.json; path = "../../.output/safari-mv2/manifest.json"; sourceTree = "<group>"; };
		29150BFD2E7D126600491238 /* content-script.js */ = {isa = PBXFileReference; lastKnownFileType = sourcecode.javascript; name = "content-script.js"; path = "../../.output/safari-mv2/content-script.js"; sourceTree = "<group>"; };
		29150BFE2E7D126600491238 /* sidepanel.html */ = {isa = PBXFileReference; lastKnownFileType = text.html; name = sidepanel.html; path = "../../.output/safari-mv2/sidepanel.html"; sourceTree = "<group>"; };
		29150BFF2E7D126600491238 /* icon */ = {isa = PBXFileReference; lastKnownFileType = folder; name = icon; path = "../../.output/safari-mv2/icon"; sourceTree = "<group>"; };
		29150C002E7D126600491238 /* settings.html */ = {isa = PBXFileReference; lastKnownFileType = text.html; name = settings.html; path = "../../.output/safari-mv2/settings.html"; sourceTree = "<group>"; };
		29150C012E7D126600491238 /* assets */ = {isa = PBXFileReference; lastKnownFileType = folder; name = assets; path = "../../.output/safari-mv2/assets"; sourceTree = "<group>"; };
		29150C022E7D126600491238 /* Sumarizzerrrr.png */ = {isa = PBXFileReference; lastKnownFileType = image.png; name = Sumarizzerrrr.png; path = "../../.output/safari-mv2/Sumarizzerrrr.png"; sourceTree = "<group>"; };
		29150C032E7D126600491238 /* archive.html */ = {isa = PBXFileReference; lastKnownFileType = text.html; name = archive.html; path = "../../.output/safari-mv2/archive.html"; sourceTree = "<group>"; };
		2943627F2EDD8A21008C66D3 /* SafariServices.framework */ = {isa = PBXFileReference; lastKnownFileType = wrapper.framework; name = SafariServices.framework; path = System/Library/Frameworks/SafariServices.framework; sourceTree = SDKROOT; };
		2958EEA92EDEBC1400ED7BC8 /* _locales */ = {isa = PBXFileReference; lastKnownFileType = folder; name = _locales; path = "../.output/safari-mv2/_locales"; sourceTree = SOURCE_ROOT; };
		2958EEAB2EDECF0000ED7BC8 /* Ios-safari.mp4 */ = {isa = PBXFileReference; lastKnownFileType = file; path = "Ios-safari.mp4"; sourceTree = "<group>"; };
/* End PBXFileReference section */

/* Begin PBXFrameworksBuildPhase section */
		29150BC12E7D126400491238 /* Frameworks */ = {
			isa = PBXFrameworksBuildPhase;
			buildActionMask = 2147483647;
			files = (
			);
			runOnlyForDeploymentPostprocessing = 0;
		};
		29150BDE2E7D126500491238 /* Frameworks */ = {
			isa = PBXFrameworksBuildPhase;
			buildActionMask = 2147483647;
			files = (
			);
			runOnlyForDeploymentPostprocessing = 0;
		};
/* End PBXFrameworksBuildPhase section */

/* Begin PBXGroup section */
		29150BBB2E7D126400491238 = {
			isa = PBXGroup;
			children = (
				29150BC62E7D126400491238 /* Summarizerrrr */,
				29150BE52E7D126500491238 /* Summarizerrrr Extension */,
				2943627E2EDD8A21008C66D3 /* Frameworks */,
				29150BC52E7D126400491238 /* Products */,
			);
			sourceTree = "<group>";
		};
		29150BC52E7D126400491238 /* Products */ = {
			isa = PBXGroup;
			children = (
				29150BC42E7D126400491238 /* Summarizerrrr.app */,
				29150BE12E7D126500491238 /* Summarizerrrr Extension.appex */,
			);
			name = Products;
			sourceTree = "<group>";
		};
		29150BC62E7D126400491238 /* Summarizerrrr */ = {
			isa = PBXGroup;
			children = (
				29150BC72E7D126400491238 /* AppDelegate.swift */,
				29150BD12E7D126400491238 /* SceneDelegate.swift */,
				29150BD32E7D126400491238 /* ViewController.swift */,
				29150BD52E7D126400491238 /* LaunchScreen.storyboard */,
				29150BD82E7D126400491238 /* Main.storyboard */,
				29150BDB2E7D126500491238 /* Assets.xcassets */,
				29150BDC2E7D126500491238 /* Info.plist */,
				29150BC92E7D126400491238 /* Resources */,
			);
			path = Summarizerrrr;
			sourceTree = "<group>";
		};
		29150BC92E7D126400491238 /* Resources */ = {
			isa = PBXGroup;
			children = (
				29150BCA2E7D126400491238 /* Main.html */,
				290111D12EE2D10C0015C4F8 /* GeistVF.ttf */,
				29150BCD2E7D126400491238 /* Icon.png */,
				2958EEAB2EDECF0000ED7BC8 /* Ios-safari.mp4 */,
				29150BCF2E7D126400491238 /* Style.css */,
			);
			path = Resources;
			sourceTree = "<group>";
		};
		29150BE52E7D126500491238 /* Summarizerrrr Extension */ = {
			isa = PBXGroup;
			children = (
				29150BF32E7D126600491238 /* Resources */,
				29150BE62E7D126500491238 /* SafariWebExtensionHandler.swift */,
				29150BE82E7D126500491238 /* Info.plist */,
			);
			path = "Summarizerrrr Extension";
			sourceTree = "<group>";
		};
		29150BF32E7D126600491238 /* Resources */ = {
			isa = PBXGroup;
			children = (
				2958EEA92EDEBC1400ED7BC8 /* _locales */,
				29150BF42E7D126600491238 /* popop.html */,
				29150BF52E7D126600491238 /* background.js */,
				29150BF62E7D126600491238 /* wxt.svg */,
				29150BF72E7D126600491238 /* youtube_transcript.js */,
				29150BF82E7D126600491238 /* libs */,
				29150BF92E7D126600491238 /* chunks */,
				29150BFA2E7D126600491238 /* content-scripts */,
				29150BFB2E7D126600491238 /* prompt.html */,
				29150BFC2E7D126600491238 /* manifest.json */,
				29150BFD2E7D126600491238 /* content-script.js */,
				29150BFE2E7D126600491238 /* sidepanel.html */,
				29150BFF2E7D126600491238 /* icon */,
				29150C002E7D126600491238 /* settings.html */,
				29150C012E7D126600491238 /* assets */,
				29150C022E7D126600491238 /* Sumarizzerrrr.png */,
				29150C032E7D126600491238 /* archive.html */,
			);
			name = Resources;
			path = "Summarizerrrr Extension";
			sourceTree = SOURCE_ROOT;
		};
		2943627E2EDD8A21008C66D3 /* Frameworks */ = {
			isa = PBXGroup;
			children = (
				2943627F2EDD8A21008C66D3 /* SafariServices.framework */,
			);
			name = Frameworks;
			sourceTree = "<group>";
		};
/* End PBXGroup section */

/* Begin PBXNativeTarget section */
		29150BC32E7D126400491238 /* Summarizerrrr */ = {
			isa = PBXNativeTarget;
			buildConfigurationList = 29150BF02E7D126500491238 /* Build configuration list for PBXNativeTarget "Summarizerrrr" */;
			buildPhases = (
				29150BC02E7D126400491238 /* Sources */,
				29150BC12E7D126400491238 /* Frameworks */,
				29150BC22E7D126400491238 /* Resources */,
				29150BEF2E7D126500491238 /* Embed Foundation Extensions */,
			);
			buildRules = (
			);
			dependencies = (
				29150BE42E7D126500491238 /* PBXTargetDependency */,
			);
			name = Summarizerrrr;
			productName = Summarizerrrr;
			productReference = 29150BC42E7D126400491238 /* Summarizerrrr.app */;
			productType = "com.apple.product-type.application";
		};
		29150BE02E7D126500491238 /* Summarizerrrr Extension */ = {
			isa = PBXNativeTarget;
			buildConfigurationList = 29150BEC2E7D126500491238 /* Build configuration list for PBXNativeTarget "Summarizerrrr Extension" */;
			buildPhases = (
				29150BDD2E7D126500491238 /* Sources */,
				29150BDE2E7D126500491238 /* Frameworks */,
				29150BDF2E7D126500491238 /* Resources */,
			);
			buildRules = (
			);
			dependencies = (
			);
			name = "Summarizerrrr Extension";
			productName = "Summarizerrrr Extension";
			productReference = 29150BE12E7D126500491238 /* Summarizerrrr Extension.appex */;
			productType = "com.apple.product-type.app-extension";
		};
/* End PBXNativeTarget section */

/* Begin PBXProject section */
		29150BBC2E7D126400491238 /* Project object */ = {
			isa = PBXProject;
			attributes = {
				BuildIndependentTargetsInParallel = 1;
				LastSwiftUpdateCheck = 1520;
				LastUpgradeCheck = 2610;
				TargetAttributes = {
					29150BC32E7D126400491238 = {
						CreatedOnToolsVersion = 15.2;
					};
					29150BE02E7D126500491238 = {
						CreatedOnToolsVersion = 15.2;
					};
				};
			};
			buildConfigurationList = 29150BBF2E7D126400491238 /* Build configuration list for PBXProject "Summarizerrrr" */;
			compatibilityVersion = "Xcode 14.0";
			developmentRegion = en;
			hasScannedForEncodings = 0;
			knownRegions = (
				en,
				Base,
			);
			mainGroup = 29150BBB2E7D126400491238;
			productRefGroup = 29150BC52E7D126400491238 /* Products */;
			projectDirPath = "";
			projectRoot = "";
			targets = (
				29150BC32E7D126400491238 /* Summarizerrrr */,
				29150BE02E7D126500491238 /* Summarizerrrr Extension */,
			);
		};
/* End PBXProject section */

/* Begin PBXResourcesBuildPhase section */
		29150BC22E7D126400491238 /* Resources */ = {
			isa = PBXResourcesBuildPhase;
			buildActionMask = 2147483647;
			files = (
				2958EEAC2EDECF0000ED7BC8 /* Ios-safari.mp4 in Resources */,
				295074AE2ED82EC60079D4D5 /* Icon.png in Resources */,
				29150BDA2E7D126400491238 /* Main.storyboard in Resources */,
				29150BD72E7D126400491238 /* LaunchScreen.storyboard in Resources */,
				29150BCC2E7D126400491238 /* Main.html in Resources */,
				29150BE92E7D126500491238 /* Assets.xcassets in Resources */,
				29150BD02E7D126400491238 /* Style.css in Resources */,
				290111D22EE2D10C0015C4F8 /* GeistVF.ttf in Resources */,
			);
			runOnlyForDeploymentPostprocessing = 0;
		};
		29150BDF2E7D126500491238 /* Resources */ = {
			isa = PBXResourcesBuildPhase;
			buildActionMask = 2147483647;
			files = (
				29150C102E7D126600491238 /* settings.html in Resources */,
				2958EEAA2EDEBC1C00ED7BC8 /* _locales in Resources */,
				29150C132E7D126600491238 /* archive.html in Resources */,
				29150C0B2E7D126600491238 /* prompt.html in Resources */,
				29150C0F2E7D126600491238 /* icon in Resources */,
				29150C092E7D126600491238 /* chunks in Resources */,
				29150C0A2E7D126600491238 /* content-scripts in Resources */,
				29150C082E7D126600491238 /* libs in Resources */,
				29150C0C2E7D126600491238 /* manifest.json in Resources */,
				29150C0D2E7D126600491238 /* content-script.js in Resources */,
				29150C062E7D126600491238 /* wxt.svg in Resources */,
				29150C112E7D126600491238 /* assets in Resources */,
				29150C0E2E7D126600491238 /* sidepanel.html in Resources */,
				29150C052E7D126600491238 /* background.js in Resources */,
				29150C122E7D126600491238 /* Sumarizzerrrr.png in Resources */,
				29150C072E7D126600491238 /* youtube_transcript.js in Resources */,
				29150C042E7D126600491238 /* popop.html in Resources */,
			);
			runOnlyForDeploymentPostprocessing = 0;
		};
/* End PBXResourcesBuildPhase section */

/* Begin PBXSourcesBuildPhase section */
		29150BC02E7D126400491238 /* Sources */ = {
			isa = PBXSourcesBuildPhase;
			buildActionMask = 2147483647;
			files = (
				29150BD42E7D126400491238 /* ViewController.swift in Sources */,
				29150BC82E7D126400491238 /* AppDelegate.swift in Sources */,
				29150BD22E7D126400491238 /* SceneDelegate.swift in Sources */,
			);
			runOnlyForDeploymentPostprocessing = 0;
		};
		29150BDD2E7D126500491238 /* Sources */ = {
			isa = PBXSourcesBuildPhase;
			buildActionMask = 2147483647;
			files = (
				29150BE72E7D126500491238 /* SafariWebExtensionHandler.swift in Sources */,
			);
			runOnlyForDeploymentPostprocessing = 0;
		};
/* End PBXSourcesBuildPhase section */

/* Begin PBXTargetDependency section */
		29150BE42E7D126500491238 /* PBXTargetDependency */ = {
			isa = PBXTargetDependency;
			target = 29150BE02E7D126500491238 /* Summarizerrrr Extension */;
			targetProxy = 29150BE32E7D126500491238 /* PBXContainerItemProxy */;
		};
/* End PBXTargetDependency section */

/* Begin PBXVariantGroup section */
		29150BCA2E7D126400491238 /* Main.html */ = {
			isa = PBXVariantGroup;
			children = (
				29150BCB2E7D126400491238 /* Base */,
			);
			name = Main.html;
			sourceTree = "<group>";
		};
		29150BD52E7D126400491238 /* LaunchScreen.storyboard */ = {
			isa = PBXVariantGroup;
			children = (
				29150BD62E7D126400491238 /* Base */,
			);
			name = LaunchScreen.storyboard;
			sourceTree = "<group>";
		};
		29150BD82E7D126400491238 /* Main.storyboard */ = {
			isa = PBXVariantGroup;
			children = (
				29150BD92E7D126400491238 /* Base */,
			);
			name = Main.storyboard;
			sourceTree = "<group>";
		};
/* End PBXVariantGroup section */

/* Begin XCBuildConfiguration section */
		29150BEA2E7D126500491238 /* Debug */ = {
			isa = XCBuildConfiguration;
			buildSettings = {
				ALWAYS_SEARCH_USER_PATHS = NO;
				ASSETCATALOG_COMPILER_GENERATE_SWIFT_ASSET_SYMBOL_EXTENSIONS = YES;
				CLANG_ANALYZER_NONNULL = YES;
				CLANG_ANALYZER_NUMBER_OBJECT_CONVERSION = YES_AGGRESSIVE;
				CLANG_CXX_LANGUAGE_STANDARD = "gnu++20";
				CLANG_ENABLE_MODULES = YES;
				CLANG_ENABLE_OBJC_ARC = YES;
				CLANG_ENABLE_OBJC_WEAK = YES;
				CLANG_WARN_BLOCK_CAPTURE_AUTORELEASING = YES;
				CLANG_WARN_BOOL_CONVERSION = YES;
				CLANG_WARN_COMMA = YES;
				CLANG_WARN_CONSTANT_CONVERSION = YES;
				CLANG_WARN_DEPRECATED_OBJC_IMPLEMENTATIONS = YES;
				CLANG_WARN_DIRECT_OBJC_ISA_USAGE = YES_ERROR;
				CLANG_WARN_DOCUMENTATION_COMMENTS = YES;
				CLANG_WARN_EMPTY_BODY = YES;
				CLANG_WARN_ENUM_CONVERSION = YES;
				CLANG_WARN_INFINITE_RECURSION = YES;
				CLANG_WARN_INT_CONVERSION = YES;
				CLANG_WARN_NON_LITERAL_NULL_CONVERSION = YES;
				CLANG_WARN_OBJC_IMPLICIT_RETAIN_SELF = YES;
				CLANG_WARN_OBJC_LITERAL_CONVERSION = YES;
				CLANG_WARN_OBJC_ROOT_CLASS = YES_ERROR;
				CLANG_WARN_QUOTED_INCLUDE_IN_FRAMEWORK_HEADER = YES;
				CLANG_WARN_RANGE_LOOP_ANALYSIS = YES;
				CLANG_WARN_STRICT_PROTOTYPES = YES;
				CLANG_WARN_SUSPICIOUS_MOVE = YES;
				CLANG_WARN_UNGUARDED_AVAILABILITY = YES_AGGRESSIVE;
				CLANG_WARN_UNREACHABLE_CODE = YES;
				CLANG_WARN__DUPLICATE_METHOD_MATCH = YES;
				COPY_PHASE_STRIP = NO;
				DEBUG_INFORMATION_FORMAT = dwarf;
				DEVELOPMENT_TEAM = NTY32Z2254;
				ENABLE_STRICT_OBJC_MSGSEND = YES;
				ENABLE_TESTABILITY = YES;
				ENABLE_USER_SCRIPT_SANDBOXING = YES;
				GCC_C_LANGUAGE_STANDARD = gnu17;
				GCC_DYNAMIC_NO_PIC = NO;
				GCC_NO_COMMON_BLOCKS = YES;
				GCC_OPTIMIZATION_LEVEL = 0;
				GCC_PREPROCESSOR_DEFINITIONS = (
					"DEBUG=1",
					"$(inherited)",
				);
				GCC_WARN_64_TO_32_BIT_CONVERSION = YES;
				GCC_WARN_ABOUT_RETURN_TYPE = YES_ERROR;
				GCC_WARN_UNDECLARED_SELECTOR = YES;
				GCC_WARN_UNINITIALIZED_AUTOS = YES_AGGRESSIVE;
				GCC_WARN_UNUSED_FUNCTION = YES;
				GCC_WARN_UNUSED_VARIABLE = YES;
				IPHONEOS_DEPLOYMENT_TARGET = 17.2;
				LOCALIZATION_PREFERS_STRING_CATALOGS = YES;
				MTL_ENABLE_DEBUG_INFO = INCLUDE_SOURCE;
				MTL_FAST_MATH = YES;
				ONLY_ACTIVE_ARCH = YES;
				SDKROOT = iphoneos;
				STRING_CATALOG_GENERATE_SYMBOLS = YES;
				SWIFT_ACTIVE_COMPILATION_CONDITIONS = "DEBUG $(inherited)";
				SWIFT_OPTIMIZATION_LEVEL = "-Onone";
			};
			name = Debug;
		};
		29150BEB2E7D126500491238 /* Release */ = {
			isa = XCBuildConfiguration;
			buildSettings = {
				ALWAYS_SEARCH_USER_PATHS = NO;
				ASSETCATALOG_COMPILER_GENERATE_SWIFT_ASSET_SYMBOL_EXTENSIONS = YES;
				CLANG_ANALYZER_NONNULL = YES;
				CLANG_ANALYZER_NUMBER_OBJECT_CONVERSION = YES_AGGRESSIVE;
				CLANG_CXX_LANGUAGE_STANDARD = "gnu++20";
				CLANG_ENABLE_MODULES = YES;
				CLANG_ENABLE_OBJC_ARC = YES;
				CLANG_ENABLE_OBJC_WEAK = YES;
				CLANG_WARN_BLOCK_CAPTURE_AUTORELEASING = YES;
				CLANG_WARN_BOOL_CONVERSION = YES;
				CLANG_WARN_COMMA = YES;
				CLANG_WARN_CONSTANT_CONVERSION = YES;
				CLANG_WARN_DEPRECATED_OBJC_IMPLEMENTATIONS = YES;
				CLANG_WARN_DIRECT_OBJC_ISA_USAGE = YES_ERROR;
				CLANG_WARN_DOCUMENTATION_COMMENTS = YES;
				CLANG_WARN_EMPTY_BODY = YES;
				CLANG_WARN_ENUM_CONVERSION = YES;
				CLANG_WARN_INFINITE_RECURSION = YES;
				CLANG_WARN_INT_CONVERSION = YES;
				CLANG_WARN_NON_LITERAL_NULL_CONVERSION = YES;
				CLANG_WARN_OBJC_IMPLICIT_RETAIN_SELF = YES;
				CLANG_WARN_OBJC_LITERAL_CONVERSION = YES;
				CLANG_WARN_OBJC_ROOT_CLASS = YES_ERROR;
				CLANG_WARN_QUOTED_INCLUDE_IN_FRAMEWORK_HEADER = YES;
				CLANG_WARN_RANGE_LOOP_ANALYSIS = YES;
				CLANG_WARN_STRICT_PROTOTYPES = YES;
				CLANG_WARN_SUSPICIOUS_MOVE = YES;
				CLANG_WARN_UNGUARDED_AVAILABILITY = YES_AGGRESSIVE;
				CLANG_WARN_UNREACHABLE_CODE = YES;
				CLANG_WARN__DUPLICATE_METHOD_MATCH = YES;
				COPY_PHASE_STRIP = NO;
				DEBUG_INFORMATION_FORMAT = "dwarf-with-dsym";
				DEVELOPMENT_TEAM = NTY32Z2254;
				ENABLE_NS_ASSERTIONS = NO;
				ENABLE_STRICT_OBJC_MSGSEND = YES;
				ENABLE_USER_SCRIPT_SANDBOXING = YES;
				GCC_C_LANGUAGE_STANDARD = gnu17;
				GCC_NO_COMMON_BLOCKS = YES;
				GCC_WARN_64_TO_32_BIT_CONVERSION = YES;
				GCC_WARN_ABOUT_RETURN_TYPE = YES_ERROR;
				GCC_WARN_UNDECLARED_SELECTOR = YES;
				GCC_WARN_UNINITIALIZED_AUTOS = YES_AGGRESSIVE;
				GCC_WARN_UNUSED_FUNCTION = YES;
				GCC_WARN_UNUSED_VARIABLE = YES;
				IPHONEOS_DEPLOYMENT_TARGET = 17.2;
				LOCALIZATION_PREFERS_STRING_CATALOGS = YES;
				MTL_ENABLE_DEBUG_INFO = NO;
				MTL_FAST_MATH = YES;
				SDKROOT = iphoneos;
				STRING_CATALOG_GENERATE_SYMBOLS = YES;
				SWIFT_COMPILATION_MODE = wholemodule;
				VALIDATE_PRODUCT = YES;
			};
			name = Release;
		};
		29150BED2E7D126500491238 /* Debug */ = {
			isa = XCBuildConfiguration;
			buildSettings = {
				CODE_SIGN_STYLE = Automatic;
				CURRENT_PROJECT_VERSION = 1;
				GENERATE_INFOPLIST_FILE = YES;
				INFOPLIST_FILE = "Summarizerrrr Extension/Info.plist";
				INFOPLIST_KEY_CFBundleDisplayName = "Summarizerrrr Extension";
				INFOPLIST_KEY_NSHumanReadableCopyright = "";
				IPHONEOS_DEPLOYMENT_TARGET = 15.0;
				LD_RUNPATH_SEARCH_PATHS = (
					"$(inherited)",
					"@executable_path/Frameworks",
					"@executable_path/../../Frameworks",
				);
				MARKETING_VERSION = 1.0;
				OTHER_LDFLAGS = (
					"-framework",
					SafariServices,
				);
				PRODUCT_BUNDLE_IDENTIFIER = com.nguyenle.Summarizerrrr.Extension;
				PRODUCT_NAME = "$(TARGET_NAME)";
				SKIP_INSTALL = YES;
				SWIFT_EMIT_LOC_STRINGS = YES;
				SWIFT_VERSION = 5.0;
				TARGETED_DEVICE_FAMILY = "1,2";
			};
			name = Debug;
		};
		29150BEE2E7D126500491238 /* Release */ = {
			isa = XCBuildConfiguration;
			buildSettings = {
				CODE_SIGN_STYLE = Automatic;
				CURRENT_PROJECT_VERSION = 1;
				GENERATE_INFOPLIST_FILE = YES;
				INFOPLIST_FILE = "Summarizerrrr Extension/Info.plist";
				INFOPLIST_KEY_CFBundleDisplayName = "Summarizerrrr Extension";
				INFOPLIST_KEY_NSHumanReadableCopyright = "";
				IPHONEOS_DEPLOYMENT_TARGET = 15.0;
				LD_RUNPATH_SEARCH_PATHS = (
					"$(inherited)",
					"@executable_path/Frameworks",
					"@executable_path/../../Frameworks",
				);
				MARKETING_VERSION = 1.0;
				OTHER_LDFLAGS = (
					"-framework",
					SafariServices,
				);
				PRODUCT_BUNDLE_IDENTIFIER = com.nguyenle.Summarizerrrr.Extension;
				PRODUCT_NAME = "$(TARGET_NAME)";
				SKIP_INSTALL = YES;
				SWIFT_EMIT_LOC_STRINGS = YES;
				SWIFT_VERSION = 5.0;
				TARGETED_DEVICE_FAMILY = "1,2";
			};
			name = Release;
		};
		29150BF12E7D126500491238 /* Debug */ = {
			isa = XCBuildConfiguration;
			buildSettings = {
				ASSETCATALOG_COMPILER_APPICON_NAME = AppIcon;
				ASSETCATALOG_COMPILER_GLOBAL_ACCENT_COLOR_NAME = AccentColor;
				CODE_SIGN_STYLE = Automatic;
				CURRENT_PROJECT_VERSION = 1;
				GENERATE_INFOPLIST_FILE = YES;
				INFOPLIST_FILE = Summarizerrrr/Info.plist;
				INFOPLIST_KEY_CFBundleDisplayName = Summarizerrrr;
				INFOPLIST_KEY_UIApplicationSupportsIndirectInputEvents = YES;
				INFOPLIST_KEY_UILaunchStoryboardName = LaunchScreen;
				INFOPLIST_KEY_UIMainStoryboardFile = Main;
				INFOPLIST_KEY_UISupportedInterfaceOrientations_iPad = "UIInterfaceOrientationPortrait UIInterfaceOrientationPortraitUpsideDown UIInterfaceOrientationLandscapeLeft UIInterfaceOrientationLandscapeRight";
				INFOPLIST_KEY_UISupportedInterfaceOrientations_iPhone = "UIInterfaceOrientationPortrait UIInterfaceOrientationLandscapeLeft UIInterfaceOrientationLandscapeRight";
				IPHONEOS_DEPLOYMENT_TARGET = 15.0;
				LD_RUNPATH_SEARCH_PATHS = (
					"$(inherited)",
					"@executable_path/Frameworks",
				);
				MARKETING_VERSION = 1.0;
				OTHER_LDFLAGS = (
					"-framework",
					SafariServices,
					"-framework",
					WebKit,
				);
				PRODUCT_BUNDLE_IDENTIFIER = com.nguyenle.Summarizerrrr;
				PRODUCT_NAME = "$(TARGET_NAME)";
				SWIFT_EMIT_LOC_STRINGS = YES;
				SWIFT_VERSION = 5.0;
				TARGETED_DEVICE_FAMILY = "1,2";
			};
			name = Debug;
		};
		29150BF22E7D126500491238 /* Release */ = {
			isa = XCBuildConfiguration;
			buildSettings = {
				ASSETCATALOG_COMPILER_APPICON_NAME = AppIcon;
				ASSETCATALOG_COMPILER_GLOBAL_ACCENT_COLOR_NAME = AccentColor;
				CODE_SIGN_STYLE = Automatic;
				CURRENT_PROJECT_VERSION = 1;
				GENERATE_INFOPLIST_FILE = YES;
				INFOPLIST_FILE = Summarizerrrr/Info.plist;
				INFOPLIST_KEY_CFBundleDisplayName = Summarizerrrr;
				INFOPLIST_KEY_UIApplicationSupportsIndirectInputEvents = YES;
				INFOPLIST_KEY_UILaunchStoryboardName = LaunchScreen;
				INFOPLIST_KEY_UIMainStoryboardFile = Main;
				INFOPLIST_KEY_UISupportedInterfaceOrientations_iPad = "UIInterfaceOrientationPortrait UIInterfaceOrientationPortraitUpsideDown UIInterfaceOrientationLandscapeLeft UIInterfaceOrientationLandscapeRight";
				INFOPLIST_KEY_UISupportedInterfaceOrientations_iPhone = "UIInterfaceOrientationPortrait UIInterfaceOrientationLandscapeLeft UIInterfaceOrientationLandscapeRight";
				IPHONEOS_DEPLOYMENT_TARGET = 15.0;
				LD_RUNPATH_SEARCH_PATHS = (
					"$(inherited)",
					"@executable_path/Frameworks",
				);
				MARKETING_VERSION = 1.0;
				OTHER_LDFLAGS = (
					"-framework",
					SafariServices,
					"-framework",
					WebKit,
				);
				PRODUCT_BUNDLE_IDENTIFIER = com.nguyenle.Summarizerrrr;
				PRODUCT_NAME = "$(TARGET_NAME)";
				SWIFT_EMIT_LOC_STRINGS = YES;
				SWIFT_VERSION = 5.0;
				TARGETED_DEVICE_FAMILY = "1,2";
			};
			name = Release;
		};
/* End XCBuildConfiguration section */

/* Begin XCConfigurationList section */
		29150BBF2E7D126400491238 /* Build configuration list for PBXProject "Summarizerrrr" */ = {
			isa = XCConfigurationList;
			buildConfigurations = (
				29150BEA2E7D126500491238 /* Debug */,
				29150BEB2E7D126500491238 /* Release */,
			);
			defaultConfigurationIsVisible = 0;
			defaultConfigurationName = Release;
		};
		29150BEC2E7D126500491238 /* Build configuration list for PBXNativeTarget "Summarizerrrr Extension" */ = {
			isa = XCConfigurationList;
			buildConfigurations = (
				29150BED2E7D126500491238 /* Debug */,
				29150BEE2E7D126500491238 /* Release */,
			);
			defaultConfigurationIsVisible = 0;
			defaultConfigurationName = Release;
		};
		29150BF02E7D126500491238 /* Build configuration list for PBXNativeTarget "Summarizerrrr" */ = {
			isa = XCConfigurationList;
			buildConfigurations = (
				29150BF12E7D126500491238 /* Debug */,
				29150BF22E7D126500491238 /* Release */,
			);
			defaultConfigurationIsVisible = 0;
			defaultConfigurationName = Release;
		};
/* End XCConfigurationList section */
	};
	rootObject = 29150BBC2E7D126400491238 /* Project object */;
}
